// !$*UTF8*$!
{
	archiveVersion = 1;
	classes = {
	};
	objectVersion = 50;
	objects = {

/* Begin PBXBuildFile section */
		D4BC98A72602CAFA009F537A /* AppDelegate.swift in Sources */ = {isa = PBXBuildFile; fileRef = D4BC98A62602CAFA009F537A /* AppDelegate.swift */; };
		D4BC98A92602CAFA009F537A /* SceneDelegate.swift in Sources */ = {isa = PBXBuildFile; fileRef = D4BC98A82602CAFA009F537A /* SceneDelegate.swift */; };
		D4BC98AB2602CAFA009F537A /* ViewController.swift in Sources */ = {isa = PBXBuildFile; fileRef = D4BC98AA2602CAFA009F537A /* ViewController.swift */; };
		D4BC98AE2602CAFA009F537A /* Main.storyboard in Resources */ = {isa = PBXBuildFile; fileRef = D4BC98AC2602CAFA009F537A /* Main.storyboard */; };
		D4BC98B02602CAFD009F537A /* Assets.xcassets in Resources */ = {isa = PBXBuildFile; fileRef = D4BC98AF2602CAFD009F537A /* Assets.xcassets */; };
		D4BC98B32602CAFD009F537A /* LaunchScreen.storyboard in Resources */ = {isa = PBXBuildFile; fileRef = D4BC98B12602CAFD009F537A /* LaunchScreen.storyboard */; };
		D4BC98BE2602CAFD009F537A /* ParsetagramTests.swift in Sources */ = {isa = PBXBuildFile; fileRef = D4BC98BD2602CAFD009F537A /* ParsetagramTests.swift */; };
		D4BC98C92602CAFD009F537A /* ParsetagramUITests.swift in Sources */ = {isa = PBXBuildFile; fileRef = D4BC98C82602CAFD009F537A /* ParsetagramUITests.swift */; };
/* End PBXBuildFile section */

/* Begin PBXContainerItemProxy section */
		D4BC98BA2602CAFD009F537A /* PBXContainerItemProxy */ = {
			isa = PBXContainerItemProxy;
			containerPortal = D4BC989B2602CAFA009F537A /* Project object */;
			proxyType = 1;
			remoteGlobalIDString = D4BC98A22602CAFA009F537A;
			remoteInfo = Parsetagram;
		};
		D4BC98C52602CAFD009F537A /* PBXContainerItemProxy */ = {
			isa = PBXContainerItemProxy;
			containerPortal = D4BC989B2602CAFA009F537A /* Project object */;
			proxyType = 1;
			remoteGlobalIDString = D4BC98A22602CAFA009F537A;
			remoteInfo = Parsetagram;
		};
/* End PBXContainerItemProxy section */

/* Begin PBXFileReference section */
		D4BC98A32602CAFA009F537A /* Parsetagram.app */ = {isa = PBXFileReference; explicitFileType = wrapper.application; includeInIndex = 0; path = Parsetagram.app; sourceTree = BUILT_PRODUCTS_DIR; };
		D4BC98A62602CAFA009F537A /* AppDelegate.swift */ = {isa = PBXFileReference; lastKnownFileType = sourcecode.swift; path = AppDelegate.swift; sourceTree = "<group>"; };
		D4BC98A82602CAFA009F537A /* SceneDelegate.swift */ = {isa = PBXFileReference; lastKnownFileType = sourcecode.swift; path = SceneDelegate.swift; sourceTree = "<group>"; };
		D4BC98AA2602CAFA009F537A /* ViewController.swift */ = {isa = PBXFileReference; lastKnownFileType = sourcecode.swift; path = ViewController.swift; sourceTree = "<group>"; };
		D4BC98AD2602CAFA009F537A /* Base */ = {isa = PBXFileReference; lastKnownFileType = file.storyboard; name = Base; path = Base.lproj/Main.storyboard; sourceTree = "<group>"; };
		D4BC98AF2602CAFD009F537A /* Assets.xcassets */ = {isa = PBXFileReference; lastKnownFileType = folder.assetcatalog; path = Assets.xcassets; sourceTree = "<group>"; };
		D4BC98B22602CAFD009F537A /* Base */ = {isa = PBXFileReference; lastKnownFileType = file.storyboard; name = Base; path = Base.lproj/LaunchScreen.storyboard; sourceTree = "<group>"; };
		D4BC98B42602CAFD009F537A /* Info.plist */ = {isa = PBXFileReference; lastKnownFileType = text.plist.xml; path = Info.plist; sourceTree = "<group>"; };
		D4BC98B92602CAFD009F537A /* ParsetagramTests.xctest */ = {isa = PBXFileReference; explicitFileType = wrapper.cfbundle; includeInIndex = 0; path = ParsetagramTests.xctest; sourceTree = BUILT_PRODUCTS_DIR; };
		D4BC98BD2602CAFD009F537A /* ParsetagramTests.swift */ = {isa = PBXFileReference; lastKnownFileType = sourcecode.swift; path = ParsetagramTests.swift; sourceTree = "<group>"; };
		D4BC98BF2602CAFD009F537A /* Info.plist */ = {isa = PBXFileReference; lastKnownFileType = text.plist.xml; path = Info.plist; sourceTree = "<group>"; };
		D4BC98C42602CAFD009F537A /* ParsetagramUITests.xctest */ = {isa = PBXFileReference; explicitFileType = wrapper.cfbundle; includeInIndex = 0; path = ParsetagramUITests.xctest; sourceTree = BUILT_PRODUCTS_DIR; };
		D4BC98C82602CAFD009F537A /* ParsetagramUITests.swift */ = {isa = PBXFileReference; lastKnownFileType = sourcecode.swift; path = ParsetagramUITests.swift; sourceTree = "<group>"; };
		D4BC98CA2602CAFD009F537A /* Info.plist */ = {isa = PBXFileReference; lastKnownFileType = text.plist.xml; path = Info.plist; sourceTree = "<group>"; };
/* End PBXFileReference section */

/* Begin PBXFrameworksBuildPhase section */
		D4BC98A02602CAFA009F537A /* Frameworks */ = {
			isa = PBXFrameworksBuildPhase;
			buildActionMask = 2147483647;
			files = (
			);
			runOnlyForDeploymentPostprocessing = 0;
		};
		D4BC98B62602CAFD009F537A /* Frameworks */ = {
			isa = PBXFrameworksBuildPhase;
			buildActionMask = 2147483647;
			files = (
			);
			runOnlyForDeploymentPostprocessing = 0;
		};
		D4BC98C12602CAFD009F537A /* Frameworks */ = {
			isa = PBXFrameworksBuildPhase;
			buildActionMask = 2147483647;
			files = (
			);
			runOnlyForDeploymentPostprocessing = 0;
		};
/* End PBXFrameworksBuildPhase section */

/* Begin PBXGroup section */
		D4BC989A2602CAFA009F537A = {
			isa = PBXGroup;
			children = (
				D4BC98A52602CAFA009F537A /* Parsetagram */,
				D4BC98BC2602CAFD009F537A /* ParsetagramTests */,
				D4BC98C72602CAFD009F537A /* ParsetagramUITests */,
				D4BC98A42602CAFA009F537A /* Products */,
			);
			sourceTree = "<group>";
		};
		D4BC98A42602CAFA009F537A /* Products */ = {
			isa = PBXGroup;
			children = (
				D4BC98A32602CAFA009F537A /* Parsetagram.app */,
				D4BC98B92602CAFD009F537A /* ParsetagramTests.xctest */,
				D4BC98C42602CAFD009F537A /* ParsetagramUITests.xctest */,
			);
			name = Products;
			sourceTree = "<group>";
		};
		D4BC98A52602CAFA009F537A /* Parsetagram */ = {
			isa = PBXGroup;
			children = (
				D4BC98A62602CAFA009F537A /* AppDelegate.swift */,
				D4BC98A82602CAFA009F537A /* SceneDelegate.swift */,
				D4BC98AA2602CAFA009F537A /* ViewController.swift */,
				D4BC98AC2602CAFA009F537A /* Main.storyboard */,
				D4BC98AF2602CAFD009F537A /* Assets.xcassets */,
				D4BC98B12602CAFD009F537A /* LaunchScreen.storyboard */,
				D4BC98B42602CAFD009F537A /* Info.plist */,
			);
			path = Parsetagram;
			sourceTree = "<group>";
		};
		D4BC98BC2602CAFD009F537A /* ParsetagramTests */ = {
			isa = PBXGroup;
			children = (
				D4BC98BD2602CAFD009F537A /* ParsetagramTests.swift */,
				D4BC98BF2602CAFD009F537A /* Info.plist */,
			);
			path = ParsetagramTests;
			sourceTree = "<group>";
		};
		D4BC98C72602CAFD009F537A /* ParsetagramUITests */ = {
			isa = PBXGroup;
			children = (
				D4BC98C82602CAFD009F537A /* ParsetagramUITests.swift */,
				D4BC98CA2602CAFD009F537A /* Info.plist */,
			);
			path = ParsetagramUITests;
			sourceTree = "<group>";
		};
/* End PBXGroup section */

/* Begin PBXNativeTarget section */
		D4BC98A22602CAFA009F537A /* Parsetagram */ = {
			isa = PBXNativeTarget;
			buildConfigurationList = D4BC98CD2602CAFD009F537A /* Build configuration list for PBXNativeTarget "Parsetagram" */;
			buildPhases = (
				D4BC989F2602CAFA009F537A /* Sources */,
				D4BC98A02602CAFA009F537A /* Frameworks */,
				D4BC98A12602CAFA009F537A /* Resources */,
			);
			buildRules = (
			);
			dependencies = (
			);
			name = Parsetagram;
			productName = Parsetagram;
			productReference = D4BC98A32602CAFA009F537A /* Parsetagram.app */;
			productType = "com.apple.product-type.application";
		};
		D4BC98B82602CAFD009F537A /* ParsetagramTests */ = {
			isa = PBXNativeTarget;
			buildConfigurationList = D4BC98D02602CAFD009F537A /* Build configuration list for PBXNativeTarget "ParsetagramTests" */;
			buildPhases = (
				D4BC98B52602CAFD009F537A /* Sources */,
				D4BC98B62602CAFD009F537A /* Frameworks */,
				D4BC98B72602CAFD009F537A /* Resources */,
			);
			buildRules = (
			);
			dependencies = (
				D4BC98BB2602CAFD009F537A /* PBXTargetDependency */,
			);
			name = ParsetagramTests;
			productName = ParsetagramTests;
			productReference = D4BC98B92602CAFD009F537A /* ParsetagramTests.xctest */;
			productType = "com.apple.product-type.bundle.unit-test";
		};
		D4BC98C32602CAFD009F537A /* ParsetagramUITests */ = {
			isa = PBXNativeTarget;
			buildConfigurationList = D4BC98D32602CAFD009F537A /* Build configuration list for PBXNativeTarget "ParsetagramUITests" */;
			buildPhases = (
				D4BC98C02602CAFD009F537A /* Sources */,
				D4BC98C12602CAFD009F537A /* Frameworks */,
				D4BC98C22602CAFD009F537A /* Resources */,
			);
			buildRules = (
			);
			dependencies = (
				D4BC98C62602CAFD009F537A /* PBXTargetDependency */,
			);
			name = ParsetagramUITests;
			productName = ParsetagramUITests;
			productReference = D4BC98C42602CAFD009F537A /* ParsetagramUITests.xctest */;
			productType = "com.apple.product-type.bundle.ui-testing";
		};
/* End PBXNativeTarget section */

/* Begin PBXProject section */
		D4BC989B2602CAFA009F537A /* Project object */ = {
			isa = PBXProject;
			attributes = {
				LastSwiftUpdateCheck = 1240;
				LastUpgradeCheck = 1240;
				TargetAttributes = {
					D4BC98A22602CAFA009F537A = {
						CreatedOnToolsVersion = 12.4;
					};
					D4BC98B82602CAFD009F537A = {
						CreatedOnToolsVersion = 12.4;
						TestTargetID = D4BC98A22602CAFA009F537A;
					};
					D4BC98C32602CAFD009F537A = {
						CreatedOnToolsVersion = 12.4;
						TestTargetID = D4BC98A22602CAFA009F537A;
					};
				};
			};
			buildConfigurationList = D4BC989E2602CAFA009F537A /* Build configuration list for PBXProject "Parsetagram" */;
			compatibilityVersion = "Xcode 9.3";
			developmentRegion = en;
			hasScannedForEncodings = 0;
			knownRegions = (
				en,
				Base,
			);
			mainGroup = D4BC989A2602CAFA009F537A;
			productRefGroup = D4BC98A42602CAFA009F537A /* Products */;
			projectDirPath = "";
			projectRoot = "";
			targets = (
				D4BC98A22602CAFA009F537A /* Parsetagram */,
				D4BC98B82602CAFD009F537A /* ParsetagramTests */,
				D4BC98C32602CAFD009F537A /* ParsetagramUITests */,
			);
		};
/* End PBXProject section */

/* Begin PBXResourcesBuildPhase section */
		D4BC98A12602CAFA009F537A /* Resources */ = {
			isa = PBXResourcesBuildPhase;
			buildActionMask = 2147483647;
			files = (
				D4BC98B32602CAFD009F537A /* LaunchScreen.storyboard in Resources */,
				D4BC98B02602CAFD009F537A /* Assets.xcassets in Resources */,
				D4BC98AE2602CAFA009F537A /* Main.storyboard in Resources */,
			);
			runOnlyForDeploymentPostprocessing = 0;
		};
		D4BC98B72602CAFD009F537A /* Resources */ = {
			isa = PBXResourcesBuildPhase;
			buildActionMask = 2147483647;
			files = (
			);
			runOnlyForDeploymentPostprocessing = 0;
		};
		D4BC98C22602CAFD009F537A /* Resources */ = {
			isa = PBXResourcesBuildPhase;
			buildActionMask = 2147483647;
			files = (
			);
			runOnlyForDeploymentPostprocessing = 0;
		};
/* End PBXResourcesBuildPhase section */

/* Begin PBXSourcesBuildPhase section */
		D4BC989F2602CAFA009F537A /* Sources */ = {
			isa = PBXSourcesBuildPhase;
			buildActionMask = 2147483647;
			files = (
				D4BC98AB2602CAFA009F537A /* ViewController.swift in Sources */,
				D4BC98A72602CAFA009F537A /* AppDelegate.swift in Sources */,
				D4BC98A92602CAFA009F537A /* SceneDelegate.swift in Sources */,
			);
			runOnlyForDeploymentPostprocessing = 0;
		};
		D4BC98B52602CAFD009F537A /* Sources */ = {
			isa = PBXSourcesBuildPhase;
			buildActionMask = 2147483647;
			files = (
				D4BC98BE2602CAFD009F537A /* ParsetagramTests.swift in Sources */,
			);
			runOnlyForDeploymentPostprocessing = 0;
		};
		D4BC98C02602CAFD009F537A /* Sources */ = {
			isa = PBXSourcesBuildPhase;
			buildActionMask = 2147483647;
			files = (
				D4BC98C92602CAFD009F537A /* ParsetagramUITests.swift in Sources */,
			);
			runOnlyForDeploymentPostprocessing = 0;
		};
/* End PBXSourcesBuildPhase section */

/* Begin PBXTargetDependency section */
		D4BC98BB2602CAFD009F537A /* PBXTargetDependency */ = {
			isa = PBXTargetDependency;
			target = D4BC98A22602CAFA009F537A /* Parsetagram */;
			targetProxy = D4BC98BA2602CAFD009F537A /* PBXContainerItemProxy */;
		};
		D4BC98C62602CAFD009F537A /* PBXTargetDependency */ = {
			isa = PBXTargetDependency;
			target = D4BC98A22602CAFA009F537A /* Parsetagram */;
			targetProxy = D4BC98C52602CAFD009F537A /* PBXContainerItemProxy */;
		};
/* End PBXTargetDependency section */

/* Begin PBXVariantGroup section */
		D4BC98AC2602CAFA009F537A /* Main.storyboard */ = {
			isa = PBXVariantGroup;
			children = (
				D4BC98AD2602CAFA009F537A /* Base */,
			);
			name = Main.storyboard;
			sourceTree = "<group>";
		};
		D4BC98B12602CAFD009F537A /* LaunchScreen.storyboard */ = {
			isa = PBXVariantGroup;
			children = (
				D4BC98B22602CAFD009F537A /* Base */,
			);
			name = LaunchScreen.storyboard;
			sourceTree = "<group>";
		};
/* End PBXVariantGroup section */

/* Begin XCBuildConfiguration section */
		D4BC98CB2602CAFD009F537A /* Debug */ = {
			isa = XCBuildConfiguration;
			buildSettings = {
				ALWAYS_SEARCH_USER_PATHS = NO;
				CLANG_ANALYZER_NONNULL = YES;
				CLANG_ANALYZER_NUMBER_OBJECT_CONVERSION = YES_AGGRESSIVE;
				CLANG_CXX_LANGUAGE_STANDARD = "gnu++14";
				CLANG_CXX_LIBRARY = "libc++";
				CLANG_ENABLE_MODULES = YES;
				CLANG_ENABLE_OBJC_ARC = YES;
				CLANG_ENABLE_OBJC_WEAK = YES;
				CLANG_WARN_BLOCK_CAPTURE_AUTORELEASING = YES;
				CLANG_WARN_BOOL_CONVERSION = YES;
				CLANG_WARN_COMMA = YES;
				CLANG_WARN_CONSTANT_CONVERSION = YES;
				CLANG_WARN_DEPRECATED_OBJC_IMPLEMENTATIONS = YES;
				CLANG_WARN_DIRECT_OBJC_ISA_USAGE = YES_ERROR;
				CLANG_WARN_DOCUMENTATION_COMMENTS = YES;
				CLANG_WARN_EMPTY_BODY = YES;
				CLANG_WARN_ENUM_CONVERSION = YES;
				CLANG_WARN_INFINITE_RECURSION = YES;
				CLANG_WARN_INT_CONVERSION = YES;
				CLANG_WARN_NON_LITERAL_NULL_CONVERSION = YES;
				CLANG_WARN_OBJC_IMPLICIT_RETAIN_SELF = YES;
				CLANG_WARN_OBJC_LITERAL_CONVERSION = YES;
				CLANG_WARN_OBJC_ROOT_CLASS = YES_ERROR;
				CLANG_WARN_QUOTED_INCLUDE_IN_FRAMEWORK_HEADER = YES;
				CLANG_WARN_RANGE_LOOP_ANALYSIS = YES;
				CLANG_WARN_STRICT_PROTOTYPES = YES;
				CLANG_WARN_SUSPICIOUS_MOVE = YES;
				CLANG_WARN_UNGUARDED_AVAILABILITY = YES_AGGRESSIVE;
				CLANG_WARN_UNREACHABLE_CODE = YES;
				CLANG_WARN__DUPLICATE_METHOD_MATCH = YES;
				COPY_PHASE_STRIP = NO;
				DEBUG_INFORMATION_FORMAT = dwarf;
				ENABLE_STRICT_OBJC_MSGSEND = YES;
				ENABLE_TESTABILITY = YES;
				GCC_C_LANGUAGE_STANDARD = gnu11;
				GCC_DYNAMIC_NO_PIC = NO;
				GCC_NO_COMMON_BLOCKS = YES;
				GCC_OPTIMIZATION_LEVEL = 0;
				GCC_PREPROCESSOR_DEFINITIONS = (
					"DEBUG=1",
					"$(inherited)",
				);
				GCC_WARN_64_TO_32_BIT_CONVERSION = YES;
				GCC_WARN_ABOUT_RETURN_TYPE = YES_ERROR;
				GCC_WARN_UNDECLARED_SELECTOR = YES;
				GCC_WARN_UNINITIALIZED_AUTOS = YES_AGGRESSIVE;
				GCC_WARN_UNUSED_FUNCTION = YES;
				GCC_WARN_UNUSED_VARIABLE = YES;
				IPHONEOS_DEPLOYMENT_TARGET = 14.4;
				MTL_ENABLE_DEBUG_INFO = INCLUDE_SOURCE;
				MTL_FAST_MATH = YES;
				ONLY_ACTIVE_ARCH = YES;
				SDKROOT = iphoneos;
				SWIFT_ACTIVE_COMPILATION_CONDITIONS = DEBUG;
				SWIFT_OPTIMIZATION_LEVEL = "-Onone";
			};
			name = Debug;
		};
		D4BC98CC2602CAFD009F537A /* Release */ = {
			isa = XCBuildConfiguration;
			buildSettings = {
				ALWAYS_SEARCH_USER_PATHS = NO;
				CLANG_ANALYZER_NONNULL = YES;
				CLANG_ANALYZER_NUMBER_OBJECT_CONVERSION = YES_AGGRESSIVE;
				CLANG_CXX_LANGUAGE_STANDARD = "gnu++14";
				CLANG_CXX_LIBRARY = "libc++";
				CLANG_ENABLE_MODULES = YES;
				CLANG_ENABLE_OBJC_ARC = YES;
				CLANG_ENABLE_OBJC_WEAK = YES;
				CLANG_WARN_BLOCK_CAPTURE_AUTORELEASING = YES;
				CLANG_WARN_BOOL_CONVERSION = YES;
				CLANG_WARN_COMMA = YES;
				CLANG_WARN_CONSTANT_CONVERSION = YES;
				CLANG_WARN_DEPRECATED_OBJC_IMPLEMENTATIONS = YES;
				CLANG_WARN_DIRECT_OBJC_ISA_USAGE = YES_ERROR;
				CLANG_WARN_DOCUMENTATION_COMMENTS = YES;
				CLANG_WARN_EMPTY_BODY = YES;
				CLANG_WARN_ENUM_CONVERSION = YES;
				CLANG_WARN_INFINITE_RECURSION = YES;
				CLANG_WARN_INT_CONVERSION = YES;
				CLANG_WARN_NON_LITERAL_NULL_CONVERSION = YES;
				CLANG_WARN_OBJC_IMPLICIT_RETAIN_SELF = YES;
				CLANG_WARN_OBJC_LITERAL_CONVERSION = YES;
				CLANG_WARN_OBJC_ROOT_CLASS = YES_ERROR;
				CLANG_WARN_QUOTED_INCLUDE_IN_FRAMEWORK_HEADER = YES;
				CLANG_WARN_RANGE_LOOP_ANALYSIS = YES;
				CLANG_WARN_STRICT_PROTOTYPES = YES;
				CLANG_WARN_SUSPICIOUS_MOVE = YES;
				CLANG_WARN_UNGUARDED_AVAILABILITY = YES_AGGRESSIVE;
				CLANG_WARN_UNREACHABLE_CODE = YES;
				CLANG_WARN__DUPLICATE_METHOD_MATCH = YES;
				COPY_PHASE_STRIP = NO;
				DEBUG_INFORMATION_FORMAT = "dwarf-with-dsym";
				ENABLE_NS_ASSERTIONS = NO;
				ENABLE_STRICT_OBJC_MSGSEND = YES;
				GCC_C_LANGUAGE_STANDARD = gnu11;
				GCC_NO_COMMON_BLOCKS = YES;
				GCC_WARN_64_TO_32_BIT_CONVERSION = YES;
				GCC_WARN_ABOUT_RETURN_TYPE = YES_ERROR;
				GCC_WARN_UNDECLARED_SELECTOR = YES;
				GCC_WARN_UNINITIALIZED_AUTOS = YES_AGGRESSIVE;
				GCC_WARN_UNUSED_FUNCTION = YES;
				GCC_WARN_UNUSED_VARIABLE = YES;
				IPHONEOS_DEPLOYMENT_TARGET = 14.4;
				MTL_ENABLE_DEBUG_INFO = NO;
				MTL_FAST_MATH = YES;
				SDKROOT = iphoneos;
				SWIFT_COMPILATION_MODE = wholemodule;
				SWIFT_OPTIMIZATION_LEVEL = "-O";
				VALIDATE_PRODUCT = YES;
			};
			name = Release;
		};
		D4BC98CE2602CAFD009F537A /* Debug */ = {
			isa = XCBuildConfiguration;
			buildSettings = {
				ASSETCATALOG_COMPILER_APPICON_NAME = AppIcon;
				ASSETCATALOG_COMPILER_GLOBAL_ACCENT_COLOR_NAME = AccentColor;
				CODE_SIGN_STYLE = Automatic;
				INFOPLIST_FILE = Parsetagram/Info.plist;
				LD_RUNPATH_SEARCH_PATHS = (
					"$(inherited)",
					"@executable_path/Frameworks",
				);
				PRODUCT_BUNDLE_IDENTIFIER = CodePath.Parsetagram;
				PRODUCT_NAME = "$(TARGET_NAME)";
				SWIFT_VERSION = 5.0;
				TARGETED_DEVICE_FAMILY = "1,2";
			};
			name = Debug;
		};
		D4BC98CF2602CAFD009F537A /* Release */ = {
			isa = XCBuildConfiguration;
			buildSettings = {
				ASSETCATALOG_COMPILER_APPICON_NAME = AppIcon;
				ASSETCATALOG_COMPILER_GLOBAL_ACCENT_COLOR_NAME = AccentColor;
				CODE_SIGN_STYLE = Automatic;
				INFOPLIST_FILE = Parsetagram/Info.plist;
				LD_RUNPATH_SEARCH_PATHS = (
					"$(inherited)",
					"@executable_path/Frameworks",
				);
				PRODUCT_BUNDLE_IDENTIFIER = CodePath.Parsetagram;
				PRODUCT_NAME = "$(TARGET_NAME)";
				SWIFT_VERSION = 5.0;
				TARGETED_DEVICE_FAMILY = "1,2";
			};
			name = Release;
		};
		D4BC98D12602CAFD009F537A /* Debug */ = {
			isa = XCBuildConfiguration;
			buildSettings = {
				ALWAYS_EMBED_SWIFT_STANDARD_LIBRARIES = YES;
				BUNDLE_LOADER = "$(TEST_HOST)";
				CODE_SIGN_STYLE = Automatic;
				INFOPLIST_FILE = ParsetagramTests/Info.plist;
				IPHONEOS_DEPLOYMENT_TARGET = 14.4;
				LD_RUNPATH_SEARCH_PATHS = (
					"$(inherited)",
					"@executable_path/Frameworks",
					"@loader_path/Frameworks",
				);
				PRODUCT_BUNDLE_IDENTIFIER = CodePath.ParsetagramTests;
				PRODUCT_NAME = "$(TARGET_NAME)";
				SWIFT_VERSION = 5.0;
				TARGETED_DEVICE_FAMILY = "1,2";
				TEST_HOST = "$(BUILT_PRODUCTS_DIR)/Parsetagram.app/Parsetagram";
			};
			name = Debug;
		};
		D4BC98D22602CAFD009F537A /* Release */ = {
			isa = XCBuildConfiguration;
			buildSettings = {
				ALWAYS_EMBED_SWIFT_STANDARD_LIBRARIES = YES;
				BUNDLE_LOADER = "$(TEST_HOST)";
				CODE_SIGN_STYLE = Automatic;
				INFOPLIST_FILE = ParsetagramTests/Info.plist;
				IPHONEOS_DEPLOYMENT_TARGET = 14.4;
				LD_RUNPATH_SEARCH_PATHS = (
					"$(inherited)",
					"@executable_path/Frameworks",
					"@loader_path/Frameworks",
				);
				PRODUCT_BUNDLE_IDENTIFIER = CodePath.ParsetagramTests;
				PRODUCT_NAME = "$(TARGET_NAME)";
				SWIFT_VERSION = 5.0;
				TARGETED_DEVICE_FAMILY = "1,2";
				TEST_HOST = "$(BUILT_PRODUCTS_DIR)/Parsetagram.app/Parsetagram";
			};
			name = Release;
		};
		D4BC98D42602CAFD009F537A /* Debug */ = {
			isa = XCBuildConfiguration;
			buildSettings = {
				ALWAYS_EMBED_SWIFT_STANDARD_LIBRARIES = YES;
				CODE_SIGN_STYLE = Automatic;
				INFOPLIST_FILE = ParsetagramUITests/Info.plist;
				LD_RUNPATH_SEARCH_PATHS = (
					"$(inherited)",
					"@executable_path/Frameworks",
					"@loader_path/Frameworks",
				);
				PRODUCT_BUNDLE_IDENTIFIER = CodePath.ParsetagramUITests;
				PRODUCT_NAME = "$(TARGET_NAME)";
				SWIFT_VERSION = 5.0;
				TARGETED_DEVICE_FAMILY = "1,2";
				TEST_TARGET_NAME = Parsetagram;
			};
			name = Debug;
		};
		D4BC98D52602CAFD009F537A /* Release */ = {
			isa = XCBuildConfiguration;
			buildSettings = {
				ALWAYS_EMBED_SWIFT_STANDARD_LIBRARIES = YES;
				CODE_SIGN_STYLE = Automatic;
				INFOPLIST_FILE = ParsetagramUITests/Info.plist;
				LD_RUNPATH_SEARCH_PATHS = (
					"$(inherited)",
					"@executable_path/Frameworks",
					"@loader_path/Frameworks",
				);
				PRODUCT_BUNDLE_IDENTIFIER = CodePath.ParsetagramUITests;
				PRODUCT_NAME = "$(TARGET_NAME)";
				SWIFT_VERSION = 5.0;
				TARGETED_DEVICE_FAMILY = "1,2";
				TEST_TARGET_NAME = Parsetagram;
			};
			name = Release;
		};
/* End XCBuildConfiguration section */

/* Begin XCConfigurationList section */
		D4BC989E2602CAFA009F537A /* Build configuration list for PBXProject "Parsetagram" */ = {
			isa = XCConfigurationList;
			buildConfigurations = (
				D4BC98CB2602CAFD009F537A /* Debug */,
				D4BC98CC2602CAFD009F537A /* Release */,
			);
			defaultConfigurationIsVisible = 0;
			defaultConfigurationName = Release;
		};
		D4BC98CD2602CAFD009F537A /* Build configuration list for PBXNativeTarget "Parsetagram" */ = {
			isa = XCConfigurationList;
			buildConfigurations = (
				D4BC98CE2602CAFD009F537A /* Debug */,
				D4BC98CF2602CAFD009F537A /* Release */,
			);
			defaultConfigurationIsVisible = 0;
			defaultConfigurationName = Release;
		};
		D4BC98D02602CAFD009F537A /* Build configuration list for PBXNativeTarget "ParsetagramTests" */ = {
			isa = XCConfigurationList;
			buildConfigurations = (
				D4BC98D12602CAFD009F537A /* Debug */,
				D4BC98D22602CAFD009F537A /* Release */,
			);
			defaultConfigurationIsVisible = 0;
			defaultConfigurationName = Release;
		};
		D4BC98D32602CAFD009F537A /* Build configuration list for PBXNativeTarget "ParsetagramUITests" */ = {
			isa = XCConfigurationList;
			buildConfigurations = (
				D4BC98D42602CAFD009F537A /* Debug */,
				D4BC98D52602CAFD009F537A /* Release */,
			);
			defaultConfigurationIsVisible = 0;
			defaultConfigurationName = Release;
		};
/* End XCConfigurationList section */
	};
	rootObject = D4BC989B2602CAFA009F537A /* Project object */;
}
